<Solution>
  <Project Path="Futboloid.UI.csproj" />
  <Project Path="Futboloid.Core.csproj" />
  <Project Path="Assembly-CSharp.csproj" />
  <Project Path="Futboloid.Gameplay.csproj" />
  <Project Path="Assembly-CSharp-Editor.csproj" />
  <Project Path="Assembly-CSharp-firstpass.csproj" />
  <Project Path="Futboloid.Main.csproj" />
  <Project Path="Futboloid.Editor.csproj" />
</Solution>
